// !$*UTF8*$!
{
	archiveVersion = 1;
	classes = {
	};
	objectVersion = 56;
	objects = {

/* Begin PBXBuildFile section */
		56C059432C90A6D000647F9F /* Test20240910App.swift in Sources */ = {isa = PBXBuildFile; fileRef = 56C059422C90A6D000647F9F /* Test20240910App.swift */; };
		56C059452C90A6D000647F9F /* ContentView.swift in Sources */ = {isa = PBXBuildFile; fileRef = 56C059442C90A6D000647F9F /* ContentView.swift */; };
		56C059472C90A6D900647F9F /* Assets.xcassets in Resources */ = {isa = PBXBuildFile; fileRef = 56C059462C90A6D900647F9F /* Assets.xcassets */; };
		56C0594A2C90A6D900647F9F /* Preview Assets.xcassets in Resources */ = {isa = PBXBuildFile; fileRef = 56C059492C90A6D900647F9F /* Preview Assets.xcassets */; };
		56C059542C90A6DA00647F9F /* Test20240910Tests.swift in Sources */ = {isa = PBXBuildFile; fileRef = 56C059532C90A6DA00647F9F /* Test20240910Tests.swift */; };
		56C0595E2C90A6DA00647F9F /* Test20240910UITests.swift in Sources */ = {isa = PBXBuildFile; fileRef = 56C0595D2C90A6DA00647F9F /* Test20240910UITests.swift */; };
		56C059602C90A6DA00647F9F /* Test20240910UITestsLaunchTests.swift in Sources */ = {isa = PBXBuildFile; fileRef = 56C0595F2C90A6DA00647F9F /* Test20240910UITestsLaunchTests.swift */; };
/* End PBXBuildFile section */

/* Begin PBXContainerItemProxy section */
		56C059502C90A6DA00647F9F /* PBXContainerItemProxy */ = {
			isa = PBXContainerItemProxy;
			containerPortal = 56C059372C90A6CF00647F9F /* Project object */;
			proxyType = 1;
			remoteGlobalIDString = 56C0593E2C90A6D000647F9F;
			remoteInfo = Test20240910;
		};
		56C0595A2C90A6DA00647F9F /* PBXContainerItemProxy */ = {
			isa = PBXContainerItemProxy;
			containerPortal = 56C059372C90A6CF00647F9F /* Project object */;
			proxyType = 1;
			remoteGlobalIDString = 56C0593E2C90A6D000647F9F;
			remoteInfo = Test20240910;
		};
/* End PBXContainerItemProxy section */

/* Begin PBXFileReference section */
		56C0593F2C90A6D000647F9F /* Test20240910.app */ = {isa = PBXFileReference; explicitFileType = wrapper.application; includeInIndex = 0; path = Test20240910.app; sourceTree = BUILT_PRODUCTS_DIR; };
		56C059422C90A6D000647F9F /* Test20240910App.swift */ = {isa = PBXFileReference; lastKnownFileType = sourcecode.swift; path = Test20240910App.swift; sourceTree = "<group>"; };
		56C059442C90A6D000647F9F /* ContentView.swift */ = {isa = PBXFileReference; lastKnownFileType = sourcecode.swift; path = ContentView.swift; sourceTree = "<group>"; };
		56C059462C90A6D900647F9F /* Assets.xcassets */ = {isa = PBXFileReference; lastKnownFileType = folder.assetcatalog; path = Assets.xcassets; sourceTree = "<group>"; };
		56C059492C90A6D900647F9F /* Preview Assets.xcassets */ = {isa = PBXFileReference; lastKnownFileType = folder.assetcatalog; path = "Preview Assets.xcassets"; sourceTree = "<group>"; };
		56C0594F2C90A6DA00647F9F /* Test20240910Tests.xctest */ = {isa = PBXFileReference; explicitFileType = wrapper.cfbundle; includeInIndex = 0; path = Test20240910Tests.xctest; sourceTree = BUILT_PRODUCTS_DIR; };
		56C059532C90A6DA00647F9F /* Test20240910Tests.swift */ = {isa = PBXFileReference; lastKnownFileType = sourcecode.swift; path = Test20240910Tests.swift; sourceTree = "<group>"; };
		56C059592C90A6DA00647F9F /* Test20240910UITests.xctest */ = {isa = PBXFileReference; explicitFileType = wrapper.cfbundle; includeInIndex = 0; path = Test20240910UITests.xctest; sourceTree = BUILT_PRODUCTS_DIR; };
		56C0595D2C90A6DA00647F9F /* Test20240910UITests.swift */ = {isa = PBXFileReference; lastKnownFileType = sourcecode.swift; path = Test20240910UITests.swift; sourceTree = "<group>"; };
		56C0595F2C90A6DA00647F9F /* Test20240910UITestsLaunchTests.swift */ = {isa = PBXFileReference; lastKnownFileType = sourcecode.swift; path = Test20240910UITestsLaunchTests.swift; sourceTree = "<group>"; };
/* End PBXFileReference section */

/* Begin PBXFrameworksBuildPhase section */
		56C0593C2C90A6D000647F9F /* Frameworks */ = {
			isa = PBXFrameworksBuildPhase;
			buildActionMask = 2147483647;
			files = (
			);
			runOnlyForDeploymentPostprocessing = 0;
		};
		56C0594C2C90A6DA00647F9F /* Frameworks */ = {
			isa = PBXFrameworksBuildPhase;
			buildActionMask = 2147483647;
			files = (
			);
			runOnlyForDeploymentPostprocessing = 0;
		};
		56C059562C90A6DA00647F9F /* Frameworks */ = {
			isa = PBXFrameworksBuildPhase;
			buildActionMask = 2147483647;
			files = (
			);
			runOnlyForDeploymentPostprocessing = 0;
		};
/* End PBXFrameworksBuildPhase section */

/* Begin PBXGroup section */
		56C059362C90A6CF00647F9F = {
			isa = PBXGroup;
			children = (
				56C059412C90A6D000647F9F /* Test20240910 */,
				56C059522C90A6DA00647F9F /* Test20240910Tests */,
				56C0595C2C90A6DA00647F9F /* Test20240910UITests */,
				56C059402C90A6D000647F9F /* Products */,
			);
			sourceTree = "<group>";
		};
		56C059402C90A6D000647F9F /* Products */ = {
			isa = PBXGroup;
			children = (
				56C0593F2C90A6D000647F9F /* Test20240910.app */,
				56C0594F2C90A6DA00647F9F /* Test20240910Tests.xctest */,
				56C059592C90A6DA00647F9F /* Test20240910UITests.xctest */,
			);
			name = Products;
			sourceTree = "<group>";
		};
		56C059412C90A6D000647F9F /* Test20240910 */ = {
			isa = PBXGroup;
			children = (
				56C059422C90A6D000647F9F /* Test20240910App.swift */,
				56C059442C90A6D000647F9F /* ContentView.swift */,
				56C059462C90A6D900647F9F /* Assets.xcassets */,
				56C059482C90A6D900647F9F /* Preview Content */,
			);
			path = Test20240910;
			sourceTree = "<group>";
		};
		56C059482C90A6D900647F9F /* Preview Content */ = {
			isa = PBXGroup;
			children = (
				56C059492C90A6D900647F9F /* Preview Assets.xcassets */,
			);
			path = "Preview Content";
			sourceTree = "<group>";
		};
		56C059522C90A6DA00647F9F /* Test20240910Tests */ = {
			isa = PBXGroup;
			children = (
				56C059532C90A6DA00647F9F /* Test20240910Tests.swift */,
			);
			path = Test20240910Tests;
			sourceTree = "<group>";
		};
		56C0595C2C90A6DA00647F9F /* Test20240910UITests */ = {
			isa = PBXGroup;
			children = (
				56C0595D2C90A6DA00647F9F /* Test20240910UITests.swift */,
				56C0595F2C90A6DA00647F9F /* Test20240910UITestsLaunchTests.swift */,
			);
			path = Test20240910UITests;
			sourceTree = "<group>";
		};
/* End PBXGroup section */

/* Begin PBXNativeTarget section */
		56C0593E2C90A6D000647F9F /* Test20240910 */ = {
			isa = PBXNativeTarget;
			buildConfigurationList = 56C059632C90A6DA00647F9F /* Build configuration list for PBXNativeTarget "Test20240910" */;
			buildPhases = (
				56C0593B2C90A6D000647F9F /* Sources */,
				56C0593C2C90A6D000647F9F /* Frameworks */,
				56C0593D2C90A6D000647F9F /* Resources */,
			);
			buildRules = (
			);
			dependencies = (
			);
			name = Test20240910;
			productName = Test20240910;
			productReference = 56C0593F2C90A6D000647F9F /* Test20240910.app */;
			productType = "com.apple.product-type.application";
		};
		56C0594E2C90A6DA00647F9F /* Test20240910Tests */ = {
			isa = PBXNativeTarget;
			buildConfigurationList = 56C059662C90A6DA00647F9F /* Build configuration list for PBXNativeTarget "Test20240910Tests" */;
			buildPhases = (
				56C0594B2C90A6DA00647F9F /* Sources */,
				56C0594C2C90A6DA00647F9F /* Frameworks */,
				56C0594D2C90A6DA00647F9F /* Resources */,
			);
			buildRules = (
			);
			dependencies = (
				56C059512C90A6DA00647F9F /* PBXTargetDependency */,
			);
			name = Test20240910Tests;
			productName = Test20240910Tests;
			productReference = 56C0594F2C90A6DA00647F9F /* Test20240910Tests.xctest */;
			productType = "com.apple.product-type.bundle.unit-test";
		};
		56C059582C90A6DA00647F9F /* Test20240910UITests */ = {
			isa = PBXNativeTarget;
			buildConfigurationList = 56C059692C90A6DA00647F9F /* Build configuration list for PBXNativeTarget "Test20240910UITests" */;
			buildPhases = (
				56C059552C90A6DA00647F9F /* Sources */,
				56C059562C90A6DA00647F9F /* Frameworks */,
				56C059572C90A6DA00647F9F /* Resources */,
			);
			buildRules = (
			);
			dependencies = (
				56C0595B2C90A6DA00647F9F /* PBXTargetDependency */,
			);
			name = Test20240910UITests;
			productName = Test20240910UITests;
			productReference = 56C059592C90A6DA00647F9F /* Test20240910UITests.xctest */;
			productType = "com.apple.product-type.bundle.ui-testing";
		};
/* End PBXNativeTarget section */

/* Begin PBXProject section */
		56C059372C90A6CF00647F9F /* Project object */ = {
			isa = PBXProject;
			attributes = {
				BuildIndependentTargetsInParallel = 1;
				LastSwiftUpdateCheck = 1520;
				LastUpgradeCheck = 1520;
				TargetAttributes = {
					56C0593E2C90A6D000647F9F = {
						CreatedOnToolsVersion = 15.2;
					};
					56C0594E2C90A6DA00647F9F = {
						CreatedOnToolsVersion = 15.2;
						TestTargetID = 56C0593E2C90A6D000647F9F;
					};
					56C059582C90A6DA00647F9F = {
						CreatedOnToolsVersion = 15.2;
						TestTargetID = 56C0593E2C90A6D000647F9F;
					};
				};
			};
			buildConfigurationList = 56C0593A2C90A6D000647F9F /* Build configuration list for PBXProject "Test20240910" */;
			compatibilityVersion = "Xcode 14.0";
			developmentRegion = en;
			hasScannedForEncodings = 0;
			knownRegions = (
				en,
				Base,
			);
			mainGroup = 56C059362C90A6CF00647F9F;
			productRefGroup = 56C059402C90A6D000647F9F /* Products */;
			projectDirPath = "";
			projectRoot = "";
			targets = (
				56C0593E2C90A6D000647F9F /* Test20240910 */,
				56C0594E2C90A6DA00647F9F /* Test20240910Tests */,
				56C059582C90A6DA00647F9F /* Test20240910UITests */,
			);
		};
/* End PBXProject section */

/* Begin PBXResourcesBuildPhase section */
		56C0593D2C90A6D000647F9F /* Resources */ = {
			isa = PBXResourcesBuildPhase;
			buildActionMask = 2147483647;
			files = (
				56C0594A2C90A6D900647F9F /* Preview Assets.xcassets in Resources */,
				56C059472C90A6D900647F9F /* Assets.xcassets in Resources */,
			);
			runOnlyForDeploymentPostprocessing = 0;
		};
		56C0594D2C90A6DA00647F9F /* Resources */ = {
			isa = PBXResourcesBuildPhase;
			buildActionMask = 2147483647;
			files = (
			);
			runOnlyForDeploymentPostprocessing = 0;
		};
		56C059572C90A6DA00647F9F /* Resources */ = {
			isa = PBXResourcesBuildPhase;
			buildActionMask = 2147483647;
			files = (
			);
			runOnlyForDeploymentPostprocessing = 0;
		};
/* End PBXResourcesBuildPhase section */

/* Begin PBXSourcesBuildPhase section */
		56C0593B2C90A6D000647F9F /* Sources */ = {
			isa = PBXSourcesBuildPhase;
			buildActionMask = 2147483647;
			files = (
				56C059452C90A6D000647F9F /* ContentView.swift in Sources */,
				56C059432C90A6D000647F9F /* Test20240910App.swift in Sources */,
			);
			runOnlyForDeploymentPostprocessing = 0;
		};
		56C0594B2C90A6DA00647F9F /* Sources */ = {
			isa = PBXSourcesBuildPhase;
			buildActionMask = 2147483647;
			files = (
				56C059542C90A6DA00647F9F /* Test20240910Tests.swift in Sources */,
			);
			runOnlyForDeploymentPostprocessing = 0;
		};
		56C059552C90A6DA00647F9F /* Sources */ = {
			isa = PBXSourcesBuildPhase;
			buildActionMask = 2147483647;
			files = (
				56C059602C90A6DA00647F9F /* Test20240910UITestsLaunchTests.swift in Sources */,
				56C0595E2C90A6DA00647F9F /* Test20240910UITests.swift in Sources */,
			);
			runOnlyForDeploymentPostprocessing = 0;
		};
/* End PBXSourcesBuildPhase section */

/* Begin PBXTargetDependency section */
		56C059512C90A6DA00647F9F /* PBXTargetDependency */ = {
			isa = PBXTargetDependency;
			target = 56C0593E2C90A6D000647F9F /* Test20240910 */;
			targetProxy = 56C059502C90A6DA00647F9F /* PBXContainerItemProxy */;
		};
		56C0595B2C90A6DA00647F9F /* PBXTargetDependency */ = {
			isa = PBXTargetDependency;
			target = 56C0593E2C90A6D000647F9F /* Test20240910 */;
			targetProxy = 56C0595A2C90A6DA00647F9F /* PBXContainerItemProxy */;
		};
/* End PBXTargetDependency section */

/* Begin XCBuildConfiguration section */
		56C059612C90A6DA00647F9F /* Debug */ = {
			isa = XCBuildConfiguration;
			buildSettings = {
				ALWAYS_SEARCH_USER_PATHS = NO;
				ASSETCATALOG_COMPILER_GENERATE_SWIFT_ASSET_SYMBOL_EXTENSIONS = YES;
				CLANG_ANALYZER_NONNULL = YES;
				CLANG_ANALYZER_NUMBER_OBJECT_CONVERSION = YES_AGGRESSIVE;
				CLANG_CXX_LANGUAGE_STANDARD = "gnu++20";
				CLANG_ENABLE_MODULES = YES;
				CLANG_ENABLE_OBJC_ARC = YES;
				CLANG_ENABLE_OBJC_WEAK = YES;
				CLANG_WARN_BLOCK_CAPTURE_AUTORELEASING = YES;
				CLANG_WARN_BOOL_CONVERSION = YES;
				CLANG_WARN_COMMA = YES;
				CLANG_WARN_CONSTANT_CONVERSION = YES;
				CLANG_WARN_DEPRECATED_OBJC_IMPLEMENTATIONS = YES;
				CLANG_WARN_DIRECT_OBJC_ISA_USAGE = YES_ERROR;
				CLANG_WARN_DOCUMENTATION_COMMENTS = YES;
				CLANG_WARN_EMPTY_BODY = YES;
				CLANG_WARN_ENUM_CONVERSION = YES;
				CLANG_WARN_INFINITE_RECURSION = YES;
				CLANG_WARN_INT_CONVERSION = YES;
				CLANG_WARN_NON_LITERAL_NULL_CONVERSION = YES;
				CLANG_WARN_OBJC_IMPLICIT_RETAIN_SELF = YES;
				CLANG_WARN_OBJC_LITERAL_CONVERSION = YES;
				CLANG_WARN_OBJC_ROOT_CLASS = YES_ERROR;
				CLANG_WARN_QUOTED_INCLUDE_IN_FRAMEWORK_HEADER = YES;
				CLANG_WARN_RANGE_LOOP_ANALYSIS = YES;
				CLANG_WARN_STRICT_PROTOTYPES = YES;
				CLANG_WARN_SUSPICIOUS_MOVE = YES;
				CLANG_WARN_UNGUARDED_AVAILABILITY = YES_AGGRESSIVE;
				CLANG_WARN_UNREACHABLE_CODE = YES;
				CLANG_WARN__DUPLICATE_METHOD_MATCH = YES;
				COPY_PHASE_STRIP = NO;
				DEBUG_INFORMATION_FORMAT = dwarf;
				ENABLE_STRICT_OBJC_MSGSEND = YES;
				ENABLE_TESTABILITY = YES;
				ENABLE_USER_SCRIPT_SANDBOXING = YES;
				GCC_C_LANGUAGE_STANDARD = gnu17;
				GCC_DYNAMIC_NO_PIC = NO;
				GCC_NO_COMMON_BLOCKS = YES;
				GCC_OPTIMIZATION_LEVEL = 0;
				GCC_PREPROCESSOR_DEFINITIONS = (
					"DEBUG=1",
					"$(inherited)",
				);
				GCC_WARN_64_TO_32_BIT_CONVERSION = YES;
				GCC_WARN_ABOUT_RETURN_TYPE = YES_ERROR;
				GCC_WARN_UNDECLARED_SELECTOR = YES;
				GCC_WARN_UNINITIALIZED_AUTOS = YES_AGGRESSIVE;
				GCC_WARN_UNUSED_FUNCTION = YES;
				GCC_WARN_UNUSED_VARIABLE = YES;
				IPHONEOS_DEPLOYMENT_TARGET = 17.2;
				LOCALIZATION_PREFERS_STRING_CATALOGS = YES;
				MTL_ENABLE_DEBUG_INFO = INCLUDE_SOURCE;
				MTL_FAST_MATH = YES;
				ONLY_ACTIVE_ARCH = YES;
				SDKROOT = iphoneos;
				SWIFT_ACTIVE_COMPILATION_CONDITIONS = "DEBUG $(inherited)";
				SWIFT_OPTIMIZATION_LEVEL = "-Onone";
			};
			name = Debug;
		};
		56C059622C90A6DA00647F9F /* Release */ = {
			isa = XCBuildConfiguration;
			buildSettings = {
				ALWAYS_SEARCH_USER_PATHS = NO;
				ASSETCATALOG_COMPILER_GENERATE_SWIFT_ASSET_SYMBOL_EXTENSIONS = YES;
				CLANG_ANALYZER_NONNULL = YES;
				CLANG_ANALYZER_NUMBER_OBJECT_CONVERSION = YES_AGGRESSIVE;
				CLANG_CXX_LANGUAGE_STANDARD = "gnu++20";
				CLANG_ENABLE_MODULES = YES;
				CLANG_ENABLE_OBJC_ARC = YES;
				CLANG_ENABLE_OBJC_WEAK = YES;
				CLANG_WARN_BLOCK_CAPTURE_AUTORELEASING = YES;
				CLANG_WARN_BOOL_CONVERSION = YES;
				CLANG_WARN_COMMA = YES;
				CLANG_WARN_CONSTANT_CONVERSION = YES;
				CLANG_WARN_DEPRECATED_OBJC_IMPLEMENTATIONS = YES;
				CLANG_WARN_DIRECT_OBJC_ISA_USAGE = YES_ERROR;
				CLANG_WARN_DOCUMENTATION_COMMENTS = YES;
				CLANG_WARN_EMPTY_BODY = YES;
				CLANG_WARN_ENUM_CONVERSION = YES;
				CLANG_WARN_INFINITE_RECURSION = YES;
				CLANG_WARN_INT_CONVERSION = YES;
				CLANG_WARN_NON_LITERAL_NULL_CONVERSION = YES;
				CLANG_WARN_OBJC_IMPLICIT_RETAIN_SELF = YES;
				CLANG_WARN_OBJC_LITERAL_CONVERSION = YES;
				CLANG_WARN_OBJC_ROOT_CLASS = YES_ERROR;
				CLANG_WARN_QUOTED_INCLUDE_IN_FRAMEWORK_HEADER = YES;
				CLANG_WARN_RANGE_LOOP_ANALYSIS = YES;
				CLANG_WARN_STRICT_PROTOTYPES = YES;
				CLANG_WARN_SUSPICIOUS_MOVE = YES;
				CLANG_WARN_UNGUARDED_AVAILABILITY = YES_AGGRESSIVE;
				CLANG_WARN_UNREACHABLE_CODE = YES;
				CLANG_WARN__DUPLICATE_METHOD_MATCH = YES;
				COPY_PHASE_STRIP = NO;
				DEBUG_INFORMATION_FORMAT = "dwarf-with-dsym";
				ENABLE_NS_ASSERTIONS = NO;
				ENABLE_STRICT_OBJC_MSGSEND = YES;
				ENABLE_USER_SCRIPT_SANDBOXING = YES;
				GCC_C_LANGUAGE_STANDARD = gnu17;
				GCC_NO_COMMON_BLOCKS = YES;
				GCC_WARN_64_TO_32_BIT_CONVERSION = YES;
				GCC_WARN_ABOUT_RETURN_TYPE = YES_ERROR;
				GCC_WARN_UNDECLARED_SELECTOR = YES;
				GCC_WARN_UNINITIALIZED_AUTOS = YES_AGGRESSIVE;
				GCC_WARN_UNUSED_FUNCTION = YES;
				GCC_WARN_UNUSED_VARIABLE = YES;
				IPHONEOS_DEPLOYMENT_TARGET = 17.2;
				LOCALIZATION_PREFERS_STRING_CATALOGS = YES;
				MTL_ENABLE_DEBUG_INFO = NO;
				MTL_FAST_MATH = YES;
				SDKROOT = iphoneos;
				SWIFT_COMPILATION_MODE = wholemodule;
				VALIDATE_PRODUCT = YES;
			};
			name = Release;
		};
		56C059642C90A6DA00647F9F /* Debug */ = {
			isa = XCBuildConfiguration;
			buildSettings = {
				ASSETCATALOG_COMPILER_APPICON_NAME = AppIcon;
				ASSETCATALOG_COMPILER_GLOBAL_ACCENT_COLOR_NAME = AccentColor;
				CODE_SIGN_STYLE = Automatic;
				CURRENT_PROJECT_VERSION = 1;
				DEVELOPMENT_ASSET_PATHS = "\"Test20240910/Preview Content\"";
				DEVELOPMENT_TEAM = PHL7DREDLZ;
				ENABLE_PREVIEWS = YES;
				GENERATE_INFOPLIST_FILE = YES;
				INFOPLIST_KEY_UIApplicationSceneManifest_Generation = YES;
				INFOPLIST_KEY_UIApplicationSupportsIndirectInputEvents = YES;
				INFOPLIST_KEY_UILaunchScreen_Generation = YES;
				INFOPLIST_KEY_UISupportedInterfaceOrientations_iPad = "UIInterfaceOrientationPortrait UIInterfaceOrientationPortraitUpsideDown UIInterfaceOrientationLandscapeLeft UIInterfaceOrientationLandscapeRight";
				INFOPLIST_KEY_UISupportedInterfaceOrientations_iPhone = "UIInterfaceOrientationPortrait UIInterfaceOrientationLandscapeLeft UIInterfaceOrientationLandscapeRight";
				LD_RUNPATH_SEARCH_PATHS = (
					"$(inherited)",
					"@executable_path/Frameworks",
				);
				MARKETING_VERSION = 1.0;
				PRODUCT_BUNDLE_IDENTIFIER = com.uzupis.Test20240910.Test20240910;
				PRODUCT_NAME = "$(TARGET_NAME)";
				SWIFT_EMIT_LOC_STRINGS = YES;
				SWIFT_VERSION = 5.0;
				TARGETED_DEVICE_FAMILY = "1,2";
			};
			name = Debug;
		};
		56C059652C90A6DA00647F9F /* Release */ = {
			isa = XCBuildConfiguration;
			buildSettings = {
				ASSETCATALOG_COMPILER_APPICON_NAME = AppIcon;
				ASSETCATALOG_COMPILER_GLOBAL_ACCENT_COLOR_NAME = AccentColor;
				CODE_SIGN_STYLE = Automatic;
				CURRENT_PROJECT_VERSION = 1;
				DEVELOPMENT_ASSET_PATHS = "\"Test20240910/Preview Content\"";
				DEVELOPMENT_TEAM = PHL7DREDLZ;
				ENABLE_PREVIEWS = YES;
				GENERATE_INFOPLIST_FILE = YES;
				INFOPLIST_KEY_UIApplicationSceneManifest_Generation = YES;
				INFOPLIST_KEY_UIApplicationSupportsIndirectInputEvents = YES;
				INFOPLIST_KEY_UILaunchScreen_Generation = YES;
				INFOPLIST_KEY_UISupportedInterfaceOrientations_iPad = "UIInterfaceOrientationPortrait UIInterfaceOrientationPortraitUpsideDown UIInterfaceOrientationLandscapeLeft UIInterfaceOrientationLandscapeRight";
				INFOPLIST_KEY_UISupportedInterfaceOrientations_iPhone = "UIInterfaceOrientationPortrait UIInterfaceOrientationLandscapeLeft UIInterfaceOrientationLandscapeRight";
				LD_RUNPATH_SEARCH_PATHS = (
					"$(inherited)",
					"@executable_path/Frameworks",
				);
				MARKETING_VERSION = 1.0;
				PRODUCT_BUNDLE_IDENTIFIER = com.uzupis.Test20240910.Test20240910;
				PRODUCT_NAME = "$(TARGET_NAME)";
				SWIFT_EMIT_LOC_STRINGS = YES;
				SWIFT_VERSION = 5.0;
				TARGETED_DEVICE_FAMILY = "1,2";
			};
			name = Release;
		};
		56C059672C90A6DA00647F9F /* Debug */ = {
			isa = XCBuildConfiguration;
			buildSettings = {
				ALWAYS_EMBED_SWIFT_STANDARD_LIBRARIES = YES;
				BUNDLE_LOADER = "$(TEST_HOST)";
				CODE_SIGN_STYLE = Automatic;
				CURRENT_PROJECT_VERSION = 1;
				DEVELOPMENT_TEAM = PHL7DREDLZ;
				GENERATE_INFOPLIST_FILE = YES;
				IPHONEOS_DEPLOYMENT_TARGET = 17.2;
				MARKETING_VERSION = 1.0;
				PRODUCT_BUNDLE_IDENTIFIER = com.uzupis.Test20240910.Test20240910Tests;
				PRODUCT_NAME = "$(TARGET_NAME)";
				SWIFT_EMIT_LOC_STRINGS = NO;
				SWIFT_VERSION = 5.0;
				TARGETED_DEVICE_FAMILY = "1,2";
				TEST_HOST = "$(BUILT_PRODUCTS_DIR)/Test20240910.app/$(BUNDLE_EXECUTABLE_FOLDER_PATH)/Test20240910";
			};
			name = Debug;
		};
		56C059682C90A6DA00647F9F /* Release */ = {
			isa = XCBuildConfiguration;
			buildSettings = {
				ALWAYS_EMBED_SWIFT_STANDARD_LIBRARIES = YES;
				BUNDLE_LOADER = "$(TEST_HOST)";
				CODE_SIGN_STYLE = Automatic;
				CURRENT_PROJECT_VERSION = 1;
				DEVELOPMENT_TEAM = PHL7DREDLZ;
				GENERATE_INFOPLIST_FILE = YES;
				IPHONEOS_DEPLOYMENT_TARGET = 17.2;
				MARKETING_VERSION = 1.0;
				PRODUCT_BUNDLE_IDENTIFIER = com.uzupis.Test20240910.Test20240910Tests;
				PRODUCT_NAME = "$(TARGET_NAME)";
				SWIFT_EMIT_LOC_STRINGS = NO;
				SWIFT_VERSION = 5.0;
				TARGETED_DEVICE_FAMILY = "1,2";
				TEST_HOST = "$(BUILT_PRODUCTS_DIR)/Test20240910.app/$(BUNDLE_EXECUTABLE_FOLDER_PATH)/Test20240910";
			};
			name = Release;
		};
		56C0596A2C90A6DA00647F9F /* Debug */ = {
			isa = XCBuildConfiguration;
			buildSettings = {
				ALWAYS_EMBED_SWIFT_STANDARD_LIBRARIES = YES;
				CODE_SIGN_STYLE = Automatic;
				CURRENT_PROJECT_VERSION = 1;
				DEVELOPMENT_TEAM = PHL7DREDLZ;
				GENERATE_INFOPLIST_FILE = YES;
				MARKETING_VERSION = 1.0;
				PRODUCT_BUNDLE_IDENTIFIER = com.uzupis.Test20240910.Test20240910UITests;
				PRODUCT_NAME = "$(TARGET_NAME)";
				SWIFT_EMIT_LOC_STRINGS = NO;
				SWIFT_VERSION = 5.0;
				TARGETED_DEVICE_FAMILY = "1,2";
				TEST_TARGET_NAME = Test20240910;
			};
			name = Debug;
		};
		56C0596B2C90A6DA00647F9F /* Release */ = {
			isa = XCBuildConfiguration;
			buildSettings = {
				ALWAYS_EMBED_SWIFT_STANDARD_LIBRARIES = YES;
				CODE_SIGN_STYLE = Automatic;
				CURRENT_PROJECT_VERSION = 1;
				DEVELOPMENT_TEAM = PHL7DREDLZ;
				GENERATE_INFOPLIST_FILE = YES;
				MARKETING_VERSION = 1.0;
				PRODUCT_BUNDLE_IDENTIFIER = com.uzupis.Test20240910.Test20240910UITests;
				PRODUCT_NAME = "$(TARGET_NAME)";
				SWIFT_EMIT_LOC_STRINGS = NO;
				SWIFT_VERSION = 5.0;
				TARGETED_DEVICE_FAMILY = "1,2";
				TEST_TARGET_NAME = Test20240910;
			};
			name = Release;
		};
/* End XCBuildConfiguration section */

/* Begin XCConfigurationList section */
		56C0593A2C90A6D000647F9F /* Build configuration list for PBXProject "Test20240910" */ = {
			isa = XCConfigurationList;
			buildConfigurations = (
				56C059612C90A6DA00647F9F /* Debug */,
				56C059622C90A6DA00647F9F /* Release */,
			);
			defaultConfigurationIsVisible = 0;
			defaultConfigurationName = Release;
		};
		56C059632C90A6DA00647F9F /* Build configuration list for PBXNativeTarget "Test20240910" */ = {
			isa = XCConfigurationList;
			buildConfigurations = (
				56C059642C90A6DA00647F9F /* Debug */,
				56C059652C90A6DA00647F9F /* Release */,
			);
			defaultConfigurationIsVisible = 0;
			defaultConfigurationName = Release;
		};
		56C059662C90A6DA00647F9F /* Build configuration list for PBXNativeTarget "Test20240910Tests" */ = {
			isa = XCConfigurationList;
			buildConfigurations = (
				56C059672C90A6DA00647F9F /* Debug */,
				56C059682C90A6DA00647F9F /* Release */,
			);
			defaultConfigurationIsVisible = 0;
			defaultConfigurationName = Release;
		};
		56C059692C90A6DA00647F9F /* Build configuration list for PBXNativeTarget "Test20240910UITests" */ = {
			isa = XCConfigurationList;
			buildConfigurations = (
				56C0596A2C90A6DA00647F9F /* Debug */,
				56C0596B2C90A6DA00647F9F /* Release */,
			);
			defaultConfigurationIsVisible = 0;
			defaultConfigurationName = Release;
		};
/* End XCConfigurationList section */
	};
	rootObject = 56C059372C90A6CF00647F9F /* Project object */;
}
